
Microsoft Visual Studio Solution File, Format Version 12.00
# Visual Studio Version 17
VisualStudioVersion = 17.4.33122.133
MinimumVisualStudioVersion = 10.0.40219.1
Project("{FAE04EC0-301F-11D3-BF4B-00C04F79EFBC}") = "BookStore", "BookStore\BookStore.csproj", "{6CB51561-EDBC-458C-9F76-87294A7C3162}"
EndProject
Project("{FAE04EC0-301F-11D3-BF4B-00C04F79EFBC}") = "BookStore.BL", "BookStore.BL\BookStore.BL.csproj", "{FBBCFD74-454C-49B1-A1C1-0E41D132D993}"
EndProject
Project("{FAE04EC0-301F-11D3-BF4B-00C04F79EFBC}") = "BookStore.DL", "BookStore.DL\BookStore.DL.csproj", "{23D521E7-288C-43E5-B205-F71BB6FCF99A}"
EndProject
Project("{FAE04EC0-301F-11D3-BF4B-00C04F79EFBC}") = "BookStore.MODELS", "BookStore.MODELS\BookStore.MODELS.csproj", "{BF884EC8-93CD-4B5C-9953-A9C181E639B3}"
EndProject
Global
	GlobalSection(SolutionConfigurationPlatforms) = preSolution
		Debug|Any CPU = Debug|Any CPU
		Release|Any CPU = Release|Any CPU
	EndGlobalSection
	GlobalSection(ProjectConfigurationPlatforms) = postSolution
		{6CB51561-EDBC-458C-9F76-87294A7C3162}.Debug|Any CPU.ActiveCfg = Debug|Any CPU
		{6CB51561-EDBC-458C-9F76-87294A7C3162}.Debug|Any CPU.Build.0 = Debug|Any CPU
		{6CB51561-EDBC-458C-9F76-87294A7C3162}.Release|Any CPU.ActiveCfg = Release|Any CPU
		{6CB51561-EDBC-458C-9F76-87294A7C3162}.Release|Any CPU.Build.0 = Release|Any CPU
		{FBBCFD74-454C-49B1-A1C1-0E41D132D993}.Debug|Any CPU.ActiveCfg = Debug|Any CPU
		{FBBCFD74-454C-49B1-A1C1-0E41D132D993}.Debug|Any CPU.Build.0 = Debug|Any CPU
		{FBBCFD74-454C-49B1-A1C1-0E41D132D993}.Release|Any CPU.ActiveCfg = Release|Any CPU
		{FBBCFD74-454C-49B1-A1C1-0E41D132D993}.Release|Any CPU.Build.0 = Release|Any CPU
		{23D521E7-288C-43E5-B205-F71BB6FCF99A}.Debug|Any CPU.ActiveCfg = Debug|Any CPU
		{23D521E7-288C-43E5-B205-F71BB6FCF99A}.Debug|Any CPU.Build.0 = Debug|Any CPU
		{23D521E7-288C-43E5-B205-F71BB6FCF99A}.Release|Any CPU.ActiveCfg = Release|Any CPU
		{23D521E7-288C-43E5-B205-F71BB6FCF99A}.Release|Any CPU.Build.0 = Release|Any CPU
		{BF884EC8-93CD-4B5C-9953-A9C181E639B3}.Debug|Any CPU.ActiveCfg = Debug|Any CPU
		{BF884EC8-93CD-4B5C-9953-A9C181E639B3}.Debug|Any CPU.Build.0 = Debug|Any CPU
		{BF884EC8-93CD-4B5C-9953-A9C181E639B3}.Release|Any CPU.ActiveCfg = Release|Any CPU
		{BF884EC8-93CD-4B5C-9953-A9C181E639B3}.Release|Any CPU.Build.0 = Release|Any CPU
	EndGlobalSection
	GlobalSection(SolutionProperties) = preSolution
		HideSolutionNode = FALSE
	EndGlobalSection
	GlobalSection(ExtensibilityGlobals) = postSolution
		SolutionGuid = {A93CAD4A-A056-4D65-B02D-CAC2BC578CD0}
	EndGlobalSection
EndGlobal
